
Microsoft Visual Studio Solution File, Format Version 12.00
# Visual Studio Version 17
VisualStudioVersion = 17.13.35818.85 d17.13
MinimumVisualStudioVersion = 10.0.40219.1
Project("{FAE04EC0-301F-11D3-BF4B-00C04F79EFBC}") = "ERP", "ERP\ERP.csproj", "{6AB3850D-115B-4BE3-833C-A6E30E18FD82}"
EndProject
Project("{54435603-DBB4-11D2-8724-00A0C9A8B90C}") = "Setup", "Setup\Setup.vdproj", "{EA0BFA5B-7909-440C-9814-1D4E58A894CD}"
EndProject
Project("{FAE04EC0-301F-11D3-BF4B-00C04F79EFBC}") = "VersionUpdater", "VersionUpdater\VersionUpdater.csproj", "{AAC209BB-A32E-493F-BB9E-6C8E359460BF}"
EndProject
Global
	GlobalSection(SolutionConfigurationPlatforms) = preSolution
		Debug|x86 = Debug|x86
		Release|x86 = Release|x86
	EndGlobalSection
	GlobalSection(ProjectConfigurationPlatforms) = postSolution
		{6AB3850D-115B-4BE3-833C-A6E30E18FD82}.Debug|x86.ActiveCfg = Debug|x86
		{6AB3850D-115B-4BE3-833C-A6E30E18FD82}.Debug|x86.Build.0 = Debug|x86
		{6AB3850D-115B-4BE3-833C-A6E30E18FD82}.Release|x86.ActiveCfg = Release|x86
		{6AB3850D-115B-4BE3-833C-A6E30E18FD82}.Release|x86.Build.0 = Release|x86
		{EA0BFA5B-7909-440C-9814-1D4E58A894CD}.Debug|x86.ActiveCfg = Debug
		{EA0BFA5B-7909-440C-9814-1D4E58A894CD}.Release|x86.ActiveCfg = Release
		{AAC209BB-A32E-493F-BB9E-6C8E359460BF}.Debug|x86.ActiveCfg = Debug|x86
		{AAC209BB-A32E-493F-BB9E-6C8E359460BF}.Debug|x86.Build.0 = Debug|x86
		{AAC209BB-A32E-493F-BB9E-6C8E359460BF}.Release|x86.ActiveCfg = Release|x86
		{AAC209BB-A32E-493F-BB9E-6C8E359460BF}.Release|x86.Build.0 = Release|x86
	EndGlobalSection
	GlobalSection(SolutionProperties) = preSolution
		HideSolutionNode = FALSE
	EndGlobalSection
	GlobalSection(ExtensibilityGlobals) = postSolution
		VisualSVNWorkingCopyRoot = .
		SolutionGuid = {0032E535-4FB9-4DDC-ACEF-CCF070C3FEDD}
	EndGlobalSection
EndGlobal
